PODS:
  - Adapty (2.7.0)
  - adapty_flutter (2.7.0):
    - Adapty (= 2.7.0)
    - Flutter
  - adapty_ui_flutter (2.0.1):
    - AdaptyUI (= 2.0.1)
    - Flutter
  - AdaptyUI (2.0.1):
    - Adapty (~> 2.7.0)
  - Flutter (1.0.0)
  - shared_preferences_foundation (0.0.1):
    - Flutter
    - FlutterMacOS

DEPENDENCIES:
  - adapty_flutter (from `.symlinks/plugins/adapty_flutter/ios`)
  - adapty_ui_flutter (from `.symlinks/plugins/adapty_ui_flutter/ios`)
  - Flutter (from `Flutter`)
  - shared_preferences_foundation (from `.symlinks/plugins/shared_preferences_foundation/ios`)

SPEC REPOS:
  trunk:
    - Adapty
    - AdaptyUI

EXTERNAL SOURCES:
  adapty_flutter:
    :path: ".symlinks/plugins/adapty_flutter/ios"
  adapty_ui_flutter:
    :path: ".symlinks/plugins/adapty_ui_flutter/ios"
  Flutter:
    :path: Flutter
  shared_preferences_foundation:
    :path: ".symlinks/plugins/shared_preferences_foundation/ios"

SPEC CHECKSUMS:
  Adapty: 66d16579ed1966f1caf8d806e3f3f0d77d9968c7
  adapty_flutter: dc8b0c2ac17aae5ecfd404eb5237010567a2b44d
  adapty_ui_flutter: 9f0131fccbefb9f068ff7cec8d672cd63ba88177
  AdaptyUI: 12232a648f050aad8820152ba9f42ec26bbc32ae
  Flutter: f04841e97a9d0b0a8025694d0796dd46242b2854
  shared_preferences_foundation: 986fc17f3d3251412d18b0265f9c64113a8c2472

PODFILE CHECKSUM: ef19549a9bc3046e7bb7d2fab4d021637c0c58a3

COCOAPODS: 1.12.1
