PODS:
  - Adapty (2.10.1)
  - adapty_flutter (2.10.0):
    - Adapty (= 2.10.1)
    - Flutter
  - adapty_ui_flutter (2.1.1):
    - AdaptyUI (= 2.1.3)
    - Flutter
  - AdaptyUI (2.1.3):
    - Adapty (= 2.10.1)
  - Flutter (1.0.0)
  - shared_preferences_foundation (0.0.1):
    - Flutter
    - FlutterMacOS

DEPENDENCIES:
  - adapty_flutter (from `.symlinks/plugins/adapty_flutter/ios`)
  - adapty_ui_flutter (from `.symlinks/plugins/adapty_ui_flutter/ios`)
  - Flutter (from `Flutter`)
  - shared_preferences_foundation (from `.symlinks/plugins/shared_preferences_foundation/darwin`)

SPEC REPOS:
  trunk:
    - Adapty
    - AdaptyUI

EXTERNAL SOURCES:
  adapty_flutter:
    :path: ".symlinks/plugins/adapty_flutter/ios"
  adapty_ui_flutter:
    :path: ".symlinks/plugins/adapty_ui_flutter/ios"
  Flutter:
    :path: Flutter
  shared_preferences_foundation:
    :path: ".symlinks/plugins/shared_preferences_foundation/darwin"

SPEC CHECKSUMS:
  Adapty: 8458d44e75607e38da8845ba40893d53b51ae409
  adapty_flutter: d1336eec102bb3e11de83715e661a934df76fd67
  adapty_ui_flutter: 0c5f55020fb6bad6a447b41648f2ae784df27dc9
  AdaptyUI: a7c6fab43713f057793ea938f2ada951f4805b7f
  Flutter: e0871f40cf51350855a761d2e70bf5af5b9b5de7
  shared_preferences_foundation: b4c3b4cddf1c21f02770737f147a3f5da9d39695

PODFILE CHECKSUM: cc1f88378b4bfcf93a6ce00d2c587857c6008d3b

COCOAPODS: 1.15.2
